
Microsoft Visual Studio Solution File, Format Version 12.00
# Visual Studio Version 17
VisualStudioVersion = 17.1.32328.378
MinimumVisualStudioVersion = 10.0.40219.1
Project("{FAE04EC0-301F-11D3-BF4B-00C04F79EFBC}") = "portal", "WebApplication1\portal.csproj", "{09844837-C92B-4E50-B819-F9DB9EE1F64C}"
EndProject
Global
	GlobalSection(SolutionConfigurationPlatforms) = preSolution
		Debug|Any CPU = Debug|Any CPU
		Release|Any CPU = Release|Any CPU
	EndGlobalSection
	GlobalSection(ProjectConfigurationPlatforms) = postSolution
		{09844837-C92B-4E50-B819-F9DB9EE1F64C}.Debug|Any CPU.ActiveCfg = Debug|Any CPU
		{09844837-C92B-4E50-B819-F9DB9EE1F64C}.Debug|Any CPU.Build.0 = Debug|Any CPU
		{09844837-C92B-4E50-B819-F9DB9EE1F64C}.Release|Any CPU.ActiveCfg = Release|Any CPU
		{09844837-C92B-4E50-B819-F9DB9EE1F64C}.Release|Any CPU.Build.0 = Release|Any CPU
	EndGlobalSection
	GlobalSection(SolutionProperties) = preSolution
		HideSolutionNode = FALSE
	EndGlobalSection
	GlobalSection(ExtensibilityGlobals) = postSolution
		SolutionGuid = {89022863-D810-4DAA-A412-E91A6389E078}
	EndGlobalSection
EndGlobal
